
Microsoft Visual Studio Solution File, Format Version 12.00
# Visual Studio Version 16
VisualStudioVersion = 16.0.31729.503
MinimumVisualStudioVersion = 10.0.40219.1
Project("{FAE04EC0-301F-11D3-BF4B-00C04F79EFBC}") = "CollectionViewTutorial.Android", "CollectionViewTutorial\CollectionViewTutorial.Android\CollectionViewTutorial.Android.csproj", "{B80883A8-4C81-4CD5-B54B-9654A2A57DD4}"
EndProject
Project("{FAE04EC0-301F-11D3-BF4B-00C04F79EFBC}") = "CollectionViewTutorial.iOS", "CollectionViewTutorial\CollectionViewTutorial.iOS\CollectionViewTutorial.iOS.csproj", "{6335A71C-0A83-4BAA-B061-4CE27E2FC71D}"
EndProject
Project("{FAE04EC0-301F-11D3-BF4B-00C04F79EFBC}") = "CollectionViewTutorial", "CollectionViewTutorial\CollectionViewTutorial\CollectionViewTutorial.csproj", "{66DC5704-F605-48B9-9A8D-05A0FA7D9C2C}"
EndProject
Global
	GlobalSection(SolutionConfigurationPlatforms) = preSolution
		Debug|Any CPU = Debug|Any CPU
		Debug|iPhone = Debug|iPhone
		Debug|iPhoneSimulator = Debug|iPhoneSimulator
		Release|Any CPU = Release|Any CPU
		Release|iPhone = Release|iPhone
		Release|iPhoneSimulator = Release|iPhoneSimulator
	EndGlobalSection
	GlobalSection(ProjectConfigurationPlatforms) = postSolution
		{B80883A8-4C81-4CD5-B54B-9654A2A57DD4}.Debug|Any CPU.ActiveCfg = Debug|Any CPU
		{B80883A8-4C81-4CD5-B54B-9654A2A57DD4}.Debug|Any CPU.Build.0 = Debug|Any CPU
		{B80883A8-4C81-4CD5-B54B-9654A2A57DD4}.Debug|Any CPU.Deploy.0 = Debug|Any CPU
		{B80883A8-4C81-4CD5-B54B-9654A2A57DD4}.Debug|iPhone.ActiveCfg = Debug|Any CPU
		{B80883A8-4C81-4CD5-B54B-9654A2A57DD4}.Debug|iPhone.Build.0 = Debug|Any CPU
		{B80883A8-4C81-4CD5-B54B-9654A2A57DD4}.Debug|iPhone.Deploy.0 = Debug|Any CPU
		{B80883A8-4C81-4CD5-B54B-9654A2A57DD4}.Debug|iPhoneSimulator.ActiveCfg = Debug|Any CPU
		{B80883A8-4C81-4CD5-B54B-9654A2A57DD4}.Debug|iPhoneSimulator.Build.0 = Debug|Any CPU
		{B80883A8-4C81-4CD5-B54B-9654A2A57DD4}.Debug|iPhoneSimulator.Deploy.0 = Debug|Any CPU
		{B80883A8-4C81-4CD5-B54B-9654A2A57DD4}.Release|Any CPU.ActiveCfg = Release|Any CPU
		{B80883A8-4C81-4CD5-B54B-9654A2A57DD4}.Release|Any CPU.Build.0 = Release|Any CPU
		{B80883A8-4C81-4CD5-B54B-9654A2A57DD4}.Release|Any CPU.Deploy.0 = Release|Any CPU
		{B80883A8-4C81-4CD5-B54B-9654A2A57DD4}.Release|iPhone.ActiveCfg = Release|Any CPU
		{B80883A8-4C81-4CD5-B54B-9654A2A57DD4}.Release|iPhone.Build.0 = Release|Any CPU
		{B80883A8-4C81-4CD5-B54B-9654A2A57DD4}.Release|iPhone.Deploy.0 = Release|Any CPU
		{B80883A8-4C81-4CD5-B54B-9654A2A57DD4}.Release|iPhoneSimulator.ActiveCfg = Release|Any CPU
		{B80883A8-4C81-4CD5-B54B-9654A2A57DD4}.Release|iPhoneSimulator.Build.0 = Release|Any CPU
		{B80883A8-4C81-4CD5-B54B-9654A2A57DD4}.Release|iPhoneSimulator.Deploy.0 = Release|Any CPU
		{6335A71C-0A83-4BAA-B061-4CE27E2FC71D}.Debug|Any CPU.ActiveCfg = Debug|iPhone
		{6335A71C-0A83-4BAA-B061-4CE27E2FC71D}.Debug|Any CPU.Build.0 = Debug|iPhone
		{6335A71C-0A83-4BAA-B061-4CE27E2FC71D}.Debug|Any CPU.Deploy.0 = Debug|iPhone
		{6335A71C-0A83-4BAA-B061-4CE27E2FC71D}.Debug|iPhone.ActiveCfg = Debug|iPhone
		{6335A71C-0A83-4BAA-B061-4CE27E2FC71D}.Debug|iPhone.Build.0 = Debug|iPhone
		{6335A71C-0A83-4BAA-B061-4CE27E2FC71D}.Debug|iPhone.Deploy.0 = Debug|iPhone
		{6335A71C-0A83-4BAA-B061-4CE27E2FC71D}.Debug|iPhoneSimulator.ActiveCfg = Debug|iPhoneSimulator
		{6335A71C-0A83-4BAA-B061-4CE27E2FC71D}.Debug|iPhoneSimulator.Build.0 = Debug|iPhoneSimulator
		{6335A71C-0A83-4BAA-B061-4CE27E2FC71D}.Debug|iPhoneSimulator.Deploy.0 = Debug|iPhoneSimulator
		{6335A71C-0A83-4BAA-B061-4CE27E2FC71D}.Release|Any CPU.ActiveCfg = Release|iPhoneSimulator
		{6335A71C-0A83-4BAA-B061-4CE27E2FC71D}.Release|Any CPU.Build.0 = Release|iPhoneSimulator
		{6335A71C-0A83-4BAA-B061-4CE27E2FC71D}.Release|Any CPU.Deploy.0 = Release|iPhoneSimulator
		{6335A71C-0A83-4BAA-B061-4CE27E2FC71D}.Release|iPhone.ActiveCfg = Release|iPhone
		{6335A71C-0A83-4BAA-B061-4CE27E2FC71D}.Release|iPhone.Build.0 = Release|iPhone
		{6335A71C-0A83-4BAA-B061-4CE27E2FC71D}.Release|iPhone.Deploy.0 = Release|iPhone
		{6335A71C-0A83-4BAA-B061-4CE27E2FC71D}.Release|iPhoneSimulator.ActiveCfg = Release|iPhoneSimulator
		{6335A71C-0A83-4BAA-B061-4CE27E2FC71D}.Release|iPhoneSimulator.Build.0 = Release|iPhoneSimulator
		{6335A71C-0A83-4BAA-B061-4CE27E2FC71D}.Release|iPhoneSimulator.Deploy.0 = Release|iPhoneSimulator
		{66DC5704-F605-48B9-9A8D-05A0FA7D9C2C}.Debug|Any CPU.ActiveCfg = Debug|Any CPU
		{66DC5704-F605-48B9-9A8D-05A0FA7D9C2C}.Debug|Any CPU.Build.0 = Debug|Any CPU
		{66DC5704-F605-48B9-9A8D-05A0FA7D9C2C}.Debug|Any CPU.Deploy.0 = Debug|Any CPU
		{66DC5704-F605-48B9-9A8D-05A0FA7D9C2C}.Debug|iPhone.ActiveCfg = Debug|Any CPU
		{66DC5704-F605-48B9-9A8D-05A0FA7D9C2C}.Debug|iPhone.Build.0 = Debug|Any CPU
		{66DC5704-F605-48B9-9A8D-05A0FA7D9C2C}.Debug|iPhone.Deploy.0 = Debug|Any CPU
		{66DC5704-F605-48B9-9A8D-05A0FA7D9C2C}.Debug|iPhoneSimulator.ActiveCfg = Debug|Any CPU
		{66DC5704-F605-48B9-9A8D-05A0FA7D9C2C}.Debug|iPhoneSimulator.Build.0 = Debug|Any CPU
		{66DC5704-F605-48B9-9A8D-05A0FA7D9C2C}.Debug|iPhoneSimulator.Deploy.0 = Debug|Any CPU
		{66DC5704-F605-48B9-9A8D-05A0FA7D9C2C}.Release|Any CPU.ActiveCfg = Release|Any CPU
		{66DC5704-F605-48B9-9A8D-05A0FA7D9C2C}.Release|Any CPU.Build.0 = Release|Any CPU
		{66DC5704-F605-48B9-9A8D-05A0FA7D9C2C}.Release|Any CPU.Deploy.0 = Release|Any CPU
		{66DC5704-F605-48B9-9A8D-05A0FA7D9C2C}.Release|iPhone.ActiveCfg = Release|Any CPU
		{66DC5704-F605-48B9-9A8D-05A0FA7D9C2C}.Release|iPhone.Build.0 = Release|Any CPU
		{66DC5704-F605-48B9-9A8D-05A0FA7D9C2C}.Release|iPhone.Deploy.0 = Release|Any CPU
		{66DC5704-F605-48B9-9A8D-05A0FA7D9C2C}.Release|iPhoneSimulator.ActiveCfg = Release|Any CPU
		{66DC5704-F605-48B9-9A8D-05A0FA7D9C2C}.Release|iPhoneSimulator.Build.0 = Release|Any CPU
		{66DC5704-F605-48B9-9A8D-05A0FA7D9C2C}.Release|iPhoneSimulator.Deploy.0 = Release|Any CPU
	EndGlobalSection
	GlobalSection(SolutionProperties) = preSolution
		HideSolutionNode = FALSE
	EndGlobalSection
	GlobalSection(ExtensibilityGlobals) = postSolution
		SolutionGuid = {49ED84BA-6EAC-4AA1-81BA-1C40428E8159}
	EndGlobalSection
EndGlobal
